
    "_readme": [
        "This file is generated automatically by Composer. Do not edit.",
        "See https://getcomposer.org/doc/02-libraries.md#lock-file"
    ],
    "packages": [],
    "packages-dev": [],
    "aliases": [],
    "minimum-stability": "stable",
    "stability-flags": [],
    "prefer-stable": false,
    "prefer-lowest": false,
    "platform": [],
    "platform-dev": []
}
